
Microsoft Visual Studio Solution File, Format Version 12.00
# Visual Studio Version 17
VisualStudioVersion = 17.8.34309.116
MinimumVisualStudioVersion = 10.0.40219.1
Project("{FAE04EC0-301F-11D3-BF4B-00C04F79EFBC}") = "Alg_KMP", "Alg_KMP\Alg_KMP.csproj", "{30282AC0-0296-4D13-83D3-46F098F6EC56}"
EndProject
Global
	GlobalSection(SolutionConfigurationPlatforms) = preSolution
		Debug|Any CPU = Debug|Any CPU
		Release|Any CPU = Release|Any CPU
	EndGlobalSection
	GlobalSection(ProjectConfigurationPlatforms) = postSolution
		{30282AC0-0296-4D13-83D3-46F098F6EC56}.Debug|Any CPU.ActiveCfg = Debug|Any CPU
		{30282AC0-0296-4D13-83D3-46F098F6EC56}.Debug|Any CPU.Build.0 = Debug|Any CPU
		{30282AC0-0296-4D13-83D3-46F098F6EC56}.Release|Any CPU.ActiveCfg = Release|Any CPU
		{30282AC0-0296-4D13-83D3-46F098F6EC56}.Release|Any CPU.Build.0 = Release|Any CPU
	EndGlobalSection
	GlobalSection(SolutionProperties) = preSolution
		HideSolutionNode = FALSE
	EndGlobalSection
	GlobalSection(ExtensibilityGlobals) = postSolution
		SolutionGuid = {FE822F5D-8960-4325-8854-548FE226B79D}
	EndGlobalSection
EndGlobal
